
Microsoft Visual Studio Solution File, Format Version 12.00
# Visual Studio 15
VisualStudioVersion = 15.0.27703.2026
MinimumVisualStudioVersion = 10.0.40219.1
Project("{9A19103F-16F7-4668-BE54-9A1E7A4F7556}") = "electron-poc", "electron-poc.csproj", "{0FEDCEEF-26B4-4DBE-82C1-082039AA9A41}"
EndProject
Global
	GlobalSection(SolutionConfigurationPlatforms) = preSolution
		Debug|Any CPU = Debug|Any CPU
		Release|Any CPU = Release|Any CPU
	EndGlobalSection
	GlobalSection(ProjectConfigurationPlatforms) = postSolution
		{0FEDCEEF-26B4-4DBE-82C1-082039AA9A41}.Debug|Any CPU.ActiveCfg = Debug|Any CPU
		{0FEDCEEF-26B4-4DBE-82C1-082039AA9A41}.Debug|Any CPU.Build.0 = Debug|Any CPU
		{0FEDCEEF-26B4-4DBE-82C1-082039AA9A41}.Release|Any CPU.ActiveCfg = Release|Any CPU
		{0FEDCEEF-26B4-4DBE-82C1-082039AA9A41}.Release|Any CPU.Build.0 = Release|Any CPU
	EndGlobalSection
	GlobalSection(SolutionProperties) = preSolution
		HideSolutionNode = FALSE
	EndGlobalSection
	GlobalSection(ExtensibilityGlobals) = postSolution
		SolutionGuid = {7C76EDE4-E4FC-4707-8F9C-7E88158A6B97}
	EndGlobalSection
EndGlobal
